// !$*UTF8*$!
{
	archiveVersion = 1;
	classes = {
	};
	objectVersion = 55;
	objects = {

/* Begin PBXBuildFile section */
		1EC878C72865A2A200421F14 /* SimpleTodoUnitTest.swift in Sources */ = {isa = PBXBuildFile; fileRef = 1EC878C62865A2A200421F14 /* SimpleTodoUnitTest.swift */; };
		2B8B8699DB26C65C557AFC5C /* Pods_Simple_todosTests.framework in Frameworks */ = {isa = PBXBuildFile; fileRef = 3AAAF4D77369D847F93423A7 /* Pods_Simple_todosTests.framework */; };
		3BF53194290C20821B20CB36 /* Pods_Simple_todos_Simple_todosUITests.framework in Frameworks */ = {isa = PBXBuildFile; fileRef = 4392498BD127ADBE86C13CFB /* Pods_Simple_todos_Simple_todosUITests.framework */; };
		6923DA0E2864306400252368 /* AppDelegate.swift in Sources */ = {isa = PBXBuildFile; fileRef = 6923DA0D2864306400252368 /* AppDelegate.swift */; };
		6923DA102864306400252368 /* SceneDelegate.swift in Sources */ = {isa = PBXBuildFile; fileRef = 6923DA0F2864306400252368 /* SceneDelegate.swift */; };
		6923DA152864306400252368 /* Main.storyboard in Resources */ = {isa = PBXBuildFile; fileRef = 6923DA132864306400252368 /* Main.storyboard */; };
		6923DA172864306600252368 /* Assets.xcassets in Resources */ = {isa = PBXBuildFile; fileRef = 6923DA162864306600252368 /* Assets.xcassets */; };
		6923DA1A2864306600252368 /* LaunchScreen.storyboard in Resources */ = {isa = PBXBuildFile; fileRef = 6923DA182864306600252368 /* LaunchScreen.storyboard */; };
		6923DA2F2864306600252368 /* Simple_todosUITests.swift in Sources */ = {isa = PBXBuildFile; fileRef = 6923DA2E2864306600252368 /* Simple_todosUITests.swift */; };
		6923DA312864306600252368 /* Simple_todosUITestsLaunchTests.swift in Sources */ = {isa = PBXBuildFile; fileRef = 6923DA302864306600252368 /* Simple_todosUITestsLaunchTests.swift */; };
		6923DA4428643F2400252368 /* TodosViewController.swift in Sources */ = {isa = PBXBuildFile; fileRef = 6923DA4328643F2400252368 /* TodosViewController.swift */; };
		6923DA4628643F3600252368 /* TodosViewModel.swift in Sources */ = {isa = PBXBuildFile; fileRef = 6923DA4528643F3600252368 /* TodosViewModel.swift */; };
		6923DA4828643F3F00252368 /* Todo.swift in Sources */ = {isa = PBXBuildFile; fileRef = 6923DA4728643F3F00252368 /* Todo.swift */; };
		6923DA4C28643FF900252368 /* CreateTodoViewController.swift in Sources */ = {isa = PBXBuildFile; fileRef = 6923DA4B28643FF900252368 /* CreateTodoViewController.swift */; };
		6923DA4E2864400A00252368 /* CreateTodoViewModel.swift in Sources */ = {isa = PBXBuildFile; fileRef = 6923DA4D2864400A00252368 /* CreateTodoViewModel.swift */; };
		6923DA522864605E00252368 /* TodoCell.swift in Sources */ = {isa = PBXBuildFile; fileRef = 6923DA502864605E00252368 /* TodoCell.swift */; };
		6923DA532864605E00252368 /* TodoCell.xib in Resources */ = {isa = PBXBuildFile; fileRef = 6923DA512864605E00252368 /* TodoCell.xib */; };
		692F90DC288A7361007ACD24 /* WidgetKit.framework in Frameworks */ = {isa = PBXBuildFile; fileRef = 692F90DB288A7361007ACD24 /* WidgetKit.framework */; };
		692F90DE288A7361007ACD24 /* SwiftUI.framework in Frameworks */ = {isa = PBXBuildFile; fileRef = 692F90DD288A7361007ACD24 /* SwiftUI.framework */; };
		692F90E1288A7361007ACD24 /* TodosWidget.swift in Sources */ = {isa = PBXBuildFile; fileRef = 692F90E0288A7361007ACD24 /* TodosWidget.swift */; };
		692F90E3288A7361007ACD24 /* Assets.xcassets in Resources */ = {isa = PBXBuildFile; fileRef = 692F90E2288A7361007ACD24 /* Assets.xcassets */; };
		692F90E7288A7361007ACD24 /* TodosWidgetExtension.appex in Embed App Extensions */ = {isa = PBXBuildFile; fileRef = 692F90DA288A7361007ACD24 /* TodosWidgetExtension.appex */; settings = {ATTRIBUTES = (RemoveHeadersOnCopy, ); }; };
		692F90EC288A76EE007ACD24 /* Todo.swift in Sources */ = {isa = PBXBuildFile; fileRef = 6923DA4728643F3F00252368 /* Todo.swift */; };
		692F90F5288A812C007ACD24 /* TodosWidgetView.swift in Sources */ = {isa = PBXBuildFile; fileRef = 692F90EF288A7810007ACD24 /* TodosWidgetView.swift */; };
		6934A1D0288E61EF000322A1 /* TodosService.swift in Sources */ = {isa = PBXBuildFile; fileRef = 6934A1CF288E61EF000322A1 /* TodosService.swift */; };
		6934A1D3288E644E000322A1 /* TodosService.swift in Sources */ = {isa = PBXBuildFile; fileRef = 6934A1CF288E61EF000322A1 /* TodosService.swift */; };
		6934A1D5288E7111000322A1 /* TodosWidgetLargeView.swift in Sources */ = {isa = PBXBuildFile; fileRef = 6934A1D4288E7111000322A1 /* TodosWidgetLargeView.swift */; };
		6934A1D7288E7122000322A1 /* TodosWidgetSmallMediumView.swift in Sources */ = {isa = PBXBuildFile; fileRef = 6934A1D6288E7122000322A1 /* TodosWidgetSmallMediumView.swift */; };
		6934A1D9288E7F6D000322A1 /* TodosWidgetBundle.swift in Sources */ = {isa = PBXBuildFile; fileRef = 6934A1D8288E7F6D000322A1 /* TodosWidgetBundle.swift */; };
		6934A1DB288E8559000322A1 /* FocusedTaskWidget.swift in Sources */ = {isa = PBXBuildFile; fileRef = 6934A1DA288E8559000322A1 /* FocusedTaskWidget.swift */; };
		B067502A52CD0930BC22A08F /* Pods_TodosWidgetExtension.framework in Frameworks */ = {isa = PBXBuildFile; fileRef = E32E2B2F9637EE6443ED54FD /* Pods_TodosWidgetExtension.framework */; };
		E562DAFE4F609FB1CB1E3938 /* (null) in Frameworks */ = {isa = PBXBuildFile; };
		FBD57684E9FA0E7FD626A285 /* Pods_Simple_todos.framework in Frameworks */ = {isa = PBXBuildFile; fileRef = BD80460DDC946959F0FB949F /* Pods_Simple_todos.framework */; };
/* End PBXBuildFile section */

/* Begin PBXContainerItemProxy section */
		6923DA212864306600252368 /* PBXContainerItemProxy */ = {
			isa = PBXContainerItemProxy;
			containerPortal = 6923DA022864306400252368 /* Project object */;
			proxyType = 1;
			remoteGlobalIDString = 6923DA092864306400252368;
			remoteInfo = "Simple-todos";
		};
		6923DA2B2864306600252368 /* PBXContainerItemProxy */ = {
			isa = PBXContainerItemProxy;
			containerPortal = 6923DA022864306400252368 /* Project object */;
			proxyType = 1;
			remoteGlobalIDString = 6923DA092864306400252368;
			remoteInfo = "Simple-todos";
		};
		692F90E5288A7361007ACD24 /* PBXContainerItemProxy */ = {
			isa = PBXContainerItemProxy;
			containerPortal = 6923DA022864306400252368 /* Project object */;
			proxyType = 1;
			remoteGlobalIDString = 692F90D9288A7361007ACD24;
			remoteInfo = TodosWidgetExtension;
		};
/* End PBXContainerItemProxy section */

/* Begin PBXCopyFilesBuildPhase section */
		692F90EB288A7361007ACD24 /* Embed App Extensions */ = {
			isa = PBXCopyFilesBuildPhase;
			buildActionMask = 2147483647;
			dstPath = "";
			dstSubfolderSpec = 13;
			files = (
				692F90E7288A7361007ACD24 /* TodosWidgetExtension.appex in Embed App Extensions */,
			);
			name = "Embed App Extensions";
			runOnlyForDeploymentPostprocessing = 0;
		};
/* End PBXCopyFilesBuildPhase section */

/* Begin PBXFileReference section */
		110F942E0837CAE84744C1FB /* Pods-TodosWidgetExtension.debug.xcconfig */ = {isa = PBXFileReference; includeInIndex = 1; lastKnownFileType = text.xcconfig; name = "Pods-TodosWidgetExtension.debug.xcconfig"; path = "Target Support Files/Pods-TodosWidgetExtension/Pods-TodosWidgetExtension.debug.xcconfig"; sourceTree = "<group>"; };
		1C036AA69228AF2B1087462E /* Pods-TodosWidgetExtension.release.xcconfig */ = {isa = PBXFileReference; includeInIndex = 1; lastKnownFileType = text.xcconfig; name = "Pods-TodosWidgetExtension.release.xcconfig"; path = "Target Support Files/Pods-TodosWidgetExtension/Pods-TodosWidgetExtension.release.xcconfig"; sourceTree = "<group>"; };
		1EC878C62865A2A200421F14 /* SimpleTodoUnitTest.swift */ = {isa = PBXFileReference; lastKnownFileType = sourcecode.swift; path = SimpleTodoUnitTest.swift; sourceTree = "<group>"; };
		3AAAF4D77369D847F93423A7 /* Pods_Simple_todosTests.framework */ = {isa = PBXFileReference; explicitFileType = wrapper.framework; includeInIndex = 0; path = Pods_Simple_todosTests.framework; sourceTree = BUILT_PRODUCTS_DIR; };
		4392498BD127ADBE86C13CFB /* Pods_Simple_todos_Simple_todosUITests.framework */ = {isa = PBXFileReference; explicitFileType = wrapper.framework; includeInIndex = 0; path = Pods_Simple_todos_Simple_todosUITests.framework; sourceTree = BUILT_PRODUCTS_DIR; };
		6923DA0A2864306400252368 /* Simple-todos.app */ = {isa = PBXFileReference; explicitFileType = wrapper.application; includeInIndex = 0; path = "Simple-todos.app"; sourceTree = BUILT_PRODUCTS_DIR; };
		6923DA0D2864306400252368 /* AppDelegate.swift */ = {isa = PBXFileReference; lastKnownFileType = sourcecode.swift; path = AppDelegate.swift; sourceTree = "<group>"; };
		6923DA0F2864306400252368 /* SceneDelegate.swift */ = {isa = PBXFileReference; lastKnownFileType = sourcecode.swift; path = SceneDelegate.swift; sourceTree = "<group>"; };
		6923DA142864306400252368 /* Base */ = {isa = PBXFileReference; lastKnownFileType = file.storyboard; name = Base; path = Base.lproj/Main.storyboard; sourceTree = "<group>"; };
		6923DA162864306600252368 /* Assets.xcassets */ = {isa = PBXFileReference; lastKnownFileType = folder.assetcatalog; path = Assets.xcassets; sourceTree = "<group>"; };
		6923DA192864306600252368 /* Base */ = {isa = PBXFileReference; lastKnownFileType = file.storyboard; name = Base; path = Base.lproj/LaunchScreen.storyboard; sourceTree = "<group>"; };
		6923DA1B2864306600252368 /* Info.plist */ = {isa = PBXFileReference; lastKnownFileType = text.plist.xml; path = Info.plist; sourceTree = "<group>"; };
		6923DA202864306600252368 /* Simple-todosTests.xctest */ = {isa = PBXFileReference; explicitFileType = wrapper.cfbundle; includeInIndex = 0; path = "Simple-todosTests.xctest"; sourceTree = BUILT_PRODUCTS_DIR; };
		6923DA2A2864306600252368 /* Simple-todosUITests.xctest */ = {isa = PBXFileReference; explicitFileType = wrapper.cfbundle; includeInIndex = 0; path = "Simple-todosUITests.xctest"; sourceTree = BUILT_PRODUCTS_DIR; };
		6923DA2E2864306600252368 /* Simple_todosUITests.swift */ = {isa = PBXFileReference; lastKnownFileType = sourcecode.swift; path = Simple_todosUITests.swift; sourceTree = "<group>"; };
		6923DA302864306600252368 /* Simple_todosUITestsLaunchTests.swift */ = {isa = PBXFileReference; lastKnownFileType = sourcecode.swift; path = Simple_todosUITestsLaunchTests.swift; sourceTree = "<group>"; };
		6923DA4328643F2400252368 /* TodosViewController.swift */ = {isa = PBXFileReference; lastKnownFileType = sourcecode.swift; path = TodosViewController.swift; sourceTree = "<group>"; };
		6923DA4528643F3600252368 /* TodosViewModel.swift */ = {isa = PBXFileReference; lastKnownFileType = sourcecode.swift; path = TodosViewModel.swift; sourceTree = "<group>"; };
		6923DA4728643F3F00252368 /* Todo.swift */ = {isa = PBXFileReference; lastKnownFileType = sourcecode.swift; path = Todo.swift; sourceTree = "<group>"; };
		6923DA4B28643FF900252368 /* CreateTodoViewController.swift */ = {isa = PBXFileReference; lastKnownFileType = sourcecode.swift; path = CreateTodoViewController.swift; sourceTree = "<group>"; };
		6923DA4D2864400A00252368 /* CreateTodoViewModel.swift */ = {isa = PBXFileReference; lastKnownFileType = sourcecode.swift; path = CreateTodoViewModel.swift; sourceTree = "<group>"; };
		6923DA502864605E00252368 /* TodoCell.swift */ = {isa = PBXFileReference; lastKnownFileType = sourcecode.swift; path = TodoCell.swift; sourceTree = "<group>"; };
		6923DA512864605E00252368 /* TodoCell.xib */ = {isa = PBXFileReference; lastKnownFileType = file.xib; path = TodoCell.xib; sourceTree = "<group>"; };
		692F90DA288A7361007ACD24 /* TodosWidgetExtension.appex */ = {isa = PBXFileReference; explicitFileType = "wrapper.app-extension"; includeInIndex = 0; path = TodosWidgetExtension.appex; sourceTree = BUILT_PRODUCTS_DIR; };
		692F90DB288A7361007ACD24 /* WidgetKit.framework */ = {isa = PBXFileReference; lastKnownFileType = wrapper.framework; name = WidgetKit.framework; path = System/Library/Frameworks/WidgetKit.framework; sourceTree = SDKROOT; };
		692F90DD288A7361007ACD24 /* SwiftUI.framework */ = {isa = PBXFileReference; lastKnownFileType = wrapper.framework; name = SwiftUI.framework; path = System/Library/Frameworks/SwiftUI.framework; sourceTree = SDKROOT; };
		692F90E0288A7361007ACD24 /* TodosWidget.swift */ = {isa = PBXFileReference; lastKnownFileType = sourcecode.swift; path = TodosWidget.swift; sourceTree = "<group>"; };
		692F90E2288A7361007ACD24 /* Assets.xcassets */ = {isa = PBXFileReference; lastKnownFileType = folder.assetcatalog; path = Assets.xcassets; sourceTree = "<group>"; };
		692F90E4288A7361007ACD24 /* Info.plist */ = {isa = PBXFileReference; lastKnownFileType = text.plist.xml; path = Info.plist; sourceTree = "<group>"; };
		692F90EF288A7810007ACD24 /* TodosWidgetView.swift */ = {isa = PBXFileReference; lastKnownFileType = sourcecode.swift; path = TodosWidgetView.swift; sourceTree = "<group>"; };
		6934A1CF288E61EF000322A1 /* TodosService.swift */ = {isa = PBXFileReference; lastKnownFileType = sourcecode.swift; path = TodosService.swift; sourceTree = "<group>"; };
		6934A1D4288E7111000322A1 /* TodosWidgetLargeView.swift */ = {isa = PBXFileReference; lastKnownFileType = sourcecode.swift; path = TodosWidgetLargeView.swift; sourceTree = "<group>"; };
		6934A1D6288E7122000322A1 /* TodosWidgetSmallMediumView.swift */ = {isa = PBXFileReference; lastKnownFileType = sourcecode.swift; path = TodosWidgetSmallMediumView.swift; sourceTree = "<group>"; };
		6934A1D8288E7F6D000322A1 /* TodosWidgetBundle.swift */ = {isa = PBXFileReference; lastKnownFileType = sourcecode.swift; path = TodosWidgetBundle.swift; sourceTree = "<group>"; };
		6934A1DA288E8559000322A1 /* FocusedTaskWidget.swift */ = {isa = PBXFileReference; lastKnownFileType = sourcecode.swift; path = FocusedTaskWidget.swift; sourceTree = "<group>"; };
		74A9C9BECB1EAB0216073D80 /* Pods-Simple-todos.debug.xcconfig */ = {isa = PBXFileReference; includeInIndex = 1; lastKnownFileType = text.xcconfig; name = "Pods-Simple-todos.debug.xcconfig"; path = "Target Support Files/Pods-Simple-todos/Pods-Simple-todos.debug.xcconfig"; sourceTree = "<group>"; };
		A54B8D4EE2464A9620FAF524 /* Pods-Simple-todos.release.xcconfig */ = {isa = PBXFileReference; includeInIndex = 1; lastKnownFileType = text.xcconfig; name = "Pods-Simple-todos.release.xcconfig"; path = "Target Support Files/Pods-Simple-todos/Pods-Simple-todos.release.xcconfig"; sourceTree = "<group>"; };
		BD80460DDC946959F0FB949F /* Pods_Simple_todos.framework */ = {isa = PBXFileReference; explicitFileType = wrapper.framework; includeInIndex = 0; path = Pods_Simple_todos.framework; sourceTree = BUILT_PRODUCTS_DIR; };
		E02C4DF9548CCD910B43AF4D /* Pods-Simple-todosTests.release.xcconfig */ = {isa = PBXFileReference; includeInIndex = 1; lastKnownFileType = text.xcconfig; name = "Pods-Simple-todosTests.release.xcconfig"; path = "Target Support Files/Pods-Simple-todosTests/Pods-Simple-todosTests.release.xcconfig"; sourceTree = "<group>"; };
		E2D93A3D38510083FA7441EC /* Pods-Simple-todos-Simple-todosUITests.debug.xcconfig */ = {isa = PBXFileReference; includeInIndex = 1; lastKnownFileType = text.xcconfig; name = "Pods-Simple-todos-Simple-todosUITests.debug.xcconfig"; path = "Target Support Files/Pods-Simple-todos-Simple-todosUITests/Pods-Simple-todos-Simple-todosUITests.debug.xcconfig"; sourceTree = "<group>"; };
		E32E2B2F9637EE6443ED54FD /* Pods_TodosWidgetExtension.framework */ = {isa = PBXFileReference; explicitFileType = wrapper.framework; includeInIndex = 0; path = Pods_TodosWidgetExtension.framework; sourceTree = BUILT_PRODUCTS_DIR; };
		FA539308CD1F49298C3FF27B /* Pods-Simple-todosTests.debug.xcconfig */ = {isa = PBXFileReference; includeInIndex = 1; lastKnownFileType = text.xcconfig; name = "Pods-Simple-todosTests.debug.xcconfig"; path = "Target Support Files/Pods-Simple-todosTests/Pods-Simple-todosTests.debug.xcconfig"; sourceTree = "<group>"; };
		FAFE7BF190D0B2A8D253F39B /* Pods-Simple-todos-Simple-todosUITests.release.xcconfig */ = {isa = PBXFileReference; includeInIndex = 1; lastKnownFileType = text.xcconfig; name = "Pods-Simple-todos-Simple-todosUITests.release.xcconfig"; path = "Target Support Files/Pods-Simple-todos-Simple-todosUITests/Pods-Simple-todos-Simple-todosUITests.release.xcconfig"; sourceTree = "<group>"; };
/* End PBXFileReference section */

/* Begin PBXFrameworksBuildPhase section */
		6923DA072864306400252368 /* Frameworks */ = {
			isa = PBXFrameworksBuildPhase;
			buildActionMask = 2147483647;
			files = (
				FBD57684E9FA0E7FD626A285 /* Pods_Simple_todos.framework in Frameworks */,
				E562DAFE4F609FB1CB1E3938 /* (null) in Frameworks */,
			);
			runOnlyForDeploymentPostprocessing = 0;
		};
		6923DA1D2864306600252368 /* Frameworks */ = {
			isa = PBXFrameworksBuildPhase;
			buildActionMask = 2147483647;
			files = (
				2B8B8699DB26C65C557AFC5C /* Pods_Simple_todosTests.framework in Frameworks */,
			);
			runOnlyForDeploymentPostprocessing = 0;
		};
		6923DA272864306600252368 /* Frameworks */ = {
			isa = PBXFrameworksBuildPhase;
			buildActionMask = 2147483647;
			files = (
				3BF53194290C20821B20CB36 /* Pods_Simple_todos_Simple_todosUITests.framework in Frameworks */,
			);
			runOnlyForDeploymentPostprocessing = 0;
		};
		692F90D7288A7361007ACD24 /* Frameworks */ = {
			isa = PBXFrameworksBuildPhase;
			buildActionMask = 2147483647;
			files = (
				692F90DE288A7361007ACD24 /* SwiftUI.framework in Frameworks */,
				692F90DC288A7361007ACD24 /* WidgetKit.framework in Frameworks */,
				B067502A52CD0930BC22A08F /* Pods_TodosWidgetExtension.framework in Frameworks */,
			);
			runOnlyForDeploymentPostprocessing = 0;
		};
/* End PBXFrameworksBuildPhase section */

/* Begin PBXGroup section */
		335C139EF9EAFC329AFEE563 /* Frameworks */ = {
			isa = PBXGroup;
			children = (
				BD80460DDC946959F0FB949F /* Pods_Simple_todos.framework */,
				4392498BD127ADBE86C13CFB /* Pods_Simple_todos_Simple_todosUITests.framework */,
				3AAAF4D77369D847F93423A7 /* Pods_Simple_todosTests.framework */,
				692F90DB288A7361007ACD24 /* WidgetKit.framework */,
				692F90DD288A7361007ACD24 /* SwiftUI.framework */,
				E32E2B2F9637EE6443ED54FD /* Pods_TodosWidgetExtension.framework */,
			);
			name = Frameworks;
			sourceTree = "<group>";
		};
		6923DA012864306400252368 = {
			isa = PBXGroup;
			children = (
				6923DA0C2864306400252368 /* Simple-todos */,
				6923DA232864306600252368 /* Simple-todosTests */,
				6923DA2D2864306600252368 /* Simple-todosUITests */,
				692F90DF288A7361007ACD24 /* TodosWidget */,
				6923DA0B2864306400252368 /* Products */,
				90252654809A5E9ADCF7C677 /* Pods */,
				335C139EF9EAFC329AFEE563 /* Frameworks */,
			);
			sourceTree = "<group>";
		};
		6923DA0B2864306400252368 /* Products */ = {
			isa = PBXGroup;
			children = (
				6923DA0A2864306400252368 /* Simple-todos.app */,
				6923DA202864306600252368 /* Simple-todosTests.xctest */,
				6923DA2A2864306600252368 /* Simple-todosUITests.xctest */,
				692F90DA288A7361007ACD24 /* TodosWidgetExtension.appex */,
			);
			name = Products;
			sourceTree = "<group>";
		};
		6923DA0C2864306400252368 /* Simple-todos */ = {
			isa = PBXGroup;
			children = (
				6934A1CE288E61DE000322A1 /* Service */,
				6923DA3D28643E6F00252368 /* Screens */,
				6923DA0D2864306400252368 /* AppDelegate.swift */,
				6923DA0F2864306400252368 /* SceneDelegate.swift */,
				6923DA132864306400252368 /* Main.storyboard */,
				6923DA162864306600252368 /* Assets.xcassets */,
				6923DA182864306600252368 /* LaunchScreen.storyboard */,
				6923DA1B2864306600252368 /* Info.plist */,
			);
			path = "Simple-todos";
			sourceTree = "<group>";
		};
		6923DA232864306600252368 /* Simple-todosTests */ = {
			isa = PBXGroup;
			children = (
				1EC878C62865A2A200421F14 /* SimpleTodoUnitTest.swift */,
			);
			path = "Simple-todosTests";
			sourceTree = "<group>";
		};
		6923DA2D2864306600252368 /* Simple-todosUITests */ = {
			isa = PBXGroup;
			children = (
				6923DA2E2864306600252368 /* Simple_todosUITests.swift */,
				6923DA302864306600252368 /* Simple_todosUITestsLaunchTests.swift */,
			);
			path = "Simple-todosUITests";
			sourceTree = "<group>";
		};
		6923DA3D28643E6F00252368 /* Screens */ = {
			isa = PBXGroup;
			children = (
				6923DA3F28643EEF00252368 /* CreateTodo */,
				6923DA3E28643EE600252368 /* Todos */,
			);
			path = Screens;
			sourceTree = "<group>";
		};
		6923DA3E28643EE600252368 /* Todos */ = {
			isa = PBXGroup;
			children = (
				6923DA4228643F1300252368 /* ViewModel */,
				6923DA4128643F0E00252368 /* View */,
				6923DA4028643F0300252368 /* Model */,
			);
			path = Todos;
			sourceTree = "<group>";
		};
		6923DA3F28643EEF00252368 /* CreateTodo */ = {
			isa = PBXGroup;
			children = (
				6923DA4A28643FE300252368 /* ViewModel */,
				6923DA4928643FD100252368 /* View */,
			);
			path = CreateTodo;
			sourceTree = "<group>";
		};
		6923DA4028643F0300252368 /* Model */ = {
			isa = PBXGroup;
			children = (
				6923DA4728643F3F00252368 /* Todo.swift */,
			);
			path = Model;
			sourceTree = "<group>";
		};
		6923DA4128643F0E00252368 /* View */ = {
			isa = PBXGroup;
			children = (
				6923DA4F2864604500252368 /* Cell */,
				6923DA4328643F2400252368 /* TodosViewController.swift */,
			);
			path = View;
			sourceTree = "<group>";
		};
		6923DA4228643F1300252368 /* ViewModel */ = {
			isa = PBXGroup;
			children = (
				6923DA4528643F3600252368 /* TodosViewModel.swift */,
			);
			path = ViewModel;
			sourceTree = "<group>";
		};
		6923DA4928643FD100252368 /* View */ = {
			isa = PBXGroup;
			children = (
				6923DA4B28643FF900252368 /* CreateTodoViewController.swift */,
			);
			path = View;
			sourceTree = "<group>";
		};
		6923DA4A28643FE300252368 /* ViewModel */ = {
			isa = PBXGroup;
			children = (
				6923DA4D2864400A00252368 /* CreateTodoViewModel.swift */,
			);
			path = ViewModel;
			sourceTree = "<group>";
		};
		6923DA4F2864604500252368 /* Cell */ = {
			isa = PBXGroup;
			children = (
				6923DA502864605E00252368 /* TodoCell.swift */,
				6923DA512864605E00252368 /* TodoCell.xib */,
			);
			path = Cell;
			sourceTree = "<group>";
		};
		692F90DF288A7361007ACD24 /* TodosWidget */ = {
			isa = PBXGroup;
			children = (
				692F90EE288A775D007ACD24 /* View */,
				692F90ED288A774E007ACD24 /* Widget */,
				692F90E2288A7361007ACD24 /* Assets.xcassets */,
				692F90E4288A7361007ACD24 /* Info.plist */,
				6934A1D8288E7F6D000322A1 /* TodosWidgetBundle.swift */,
			);
			path = TodosWidget;
			sourceTree = "<group>";
		};
		692F90ED288A774E007ACD24 /* Widget */ = {
			isa = PBXGroup;
			children = (
				692F90E0288A7361007ACD24 /* TodosWidget.swift */,
				6934A1DA288E8559000322A1 /* FocusedTaskWidget.swift */,
			);
			path = Widget;
			sourceTree = "<group>";
		};
		692F90EE288A775D007ACD24 /* View */ = {
			isa = PBXGroup;
			children = (
				6934A1DC288E88EA000322A1 /* TodosWidgetView */,
			);
			path = View;
			sourceTree = "<group>";
		};
		6934A1CE288E61DE000322A1 /* Service */ = {
			isa = PBXGroup;
			children = (
				6934A1CF288E61EF000322A1 /* TodosService.swift */,
			);
			path = Service;
			sourceTree = "<group>";
		};
		6934A1DC288E88EA000322A1 /* TodosWidgetView */ = {
			isa = PBXGroup;
			children = (
				692F90EF288A7810007ACD24 /* TodosWidgetView.swift */,
				6934A1D4288E7111000322A1 /* TodosWidgetLargeView.swift */,
				6934A1D6288E7122000322A1 /* TodosWidgetSmallMediumView.swift */,
			);
			path = TodosWidgetView;
			sourceTree = "<group>";
		};
		90252654809A5E9ADCF7C677 /* Pods */ = {
			isa = PBXGroup;
			children = (
				74A9C9BECB1EAB0216073D80 /* Pods-Simple-todos.debug.xcconfig */,
				A54B8D4EE2464A9620FAF524 /* Pods-Simple-todos.release.xcconfig */,
				E2D93A3D38510083FA7441EC /* Pods-Simple-todos-Simple-todosUITests.debug.xcconfig */,
				FAFE7BF190D0B2A8D253F39B /* Pods-Simple-todos-Simple-todosUITests.release.xcconfig */,
				FA539308CD1F49298C3FF27B /* Pods-Simple-todosTests.debug.xcconfig */,
				E02C4DF9548CCD910B43AF4D /* Pods-Simple-todosTests.release.xcconfig */,
				110F942E0837CAE84744C1FB /* Pods-TodosWidgetExtension.debug.xcconfig */,
				1C036AA69228AF2B1087462E /* Pods-TodosWidgetExtension.release.xcconfig */,
			);
			path = Pods;
			sourceTree = "<group>";
		};
/* End PBXGroup section */

/* Begin PBXNativeTarget section */
		6923DA092864306400252368 /* Simple-todos */ = {
			isa = PBXNativeTarget;
			buildConfigurationList = 6923DA342864306600252368 /* Build configuration list for PBXNativeTarget "Simple-todos" */;
			buildPhases = (
				33E9CA683AC04DB8BC62306F /* [CP] Check Pods Manifest.lock */,
				6923DA062864306400252368 /* Sources */,
				6923DA072864306400252368 /* Frameworks */,
				6923DA082864306400252368 /* Resources */,
				6C8C7271EB4E89CBDD2AFE49 /* [CP] Embed Pods Frameworks */,
				692F90EB288A7361007ACD24 /* Embed App Extensions */,
			);
			buildRules = (
			);
			dependencies = (
				692F90E6288A7361007ACD24 /* PBXTargetDependency */,
			);
			name = "Simple-todos";
			productName = "Simple-todos";
			productReference = 6923DA0A2864306400252368 /* Simple-todos.app */;
			productType = "com.apple.product-type.application";
		};
		6923DA1F2864306600252368 /* Simple-todosTests */ = {
			isa = PBXNativeTarget;
			buildConfigurationList = 6923DA372864306600252368 /* Build configuration list for PBXNativeTarget "Simple-todosTests" */;
			buildPhases = (
				8502166C704C32FD80A1B3D4 /* [CP] Check Pods Manifest.lock */,
				6923DA1C2864306600252368 /* Sources */,
				6923DA1D2864306600252368 /* Frameworks */,
				6923DA1E2864306600252368 /* Resources */,
				27432B940B0FFDECF43776D9 /* [CP] Embed Pods Frameworks */,
			);
			buildRules = (
			);
			dependencies = (
				6923DA222864306600252368 /* PBXTargetDependency */,
			);
			name = "Simple-todosTests";
			productName = "Simple-todosTests";
			productReference = 6923DA202864306600252368 /* Simple-todosTests.xctest */;
			productType = "com.apple.product-type.bundle.unit-test";
		};
		6923DA292864306600252368 /* Simple-todosUITests */ = {
			isa = PBXNativeTarget;
			buildConfigurationList = 6923DA3A2864306600252368 /* Build configuration list for PBXNativeTarget "Simple-todosUITests" */;
			buildPhases = (
				305ED00B980FF9D46720486F /* [CP] Check Pods Manifest.lock */,
				6923DA262864306600252368 /* Sources */,
				6923DA272864306600252368 /* Frameworks */,
				6923DA282864306600252368 /* Resources */,
				C146084100CA038AD71E6197 /* [CP] Embed Pods Frameworks */,
			);
			buildRules = (
			);
			dependencies = (
				6923DA2C2864306600252368 /* PBXTargetDependency */,
			);
			name = "Simple-todosUITests";
			productName = "Simple-todosUITests";
			productReference = 6923DA2A2864306600252368 /* Simple-todosUITests.xctest */;
			productType = "com.apple.product-type.bundle.ui-testing";
		};
		692F90D9288A7361007ACD24 /* TodosWidgetExtension */ = {
			isa = PBXNativeTarget;
			buildConfigurationList = 692F90E8288A7361007ACD24 /* Build configuration list for PBXNativeTarget "TodosWidgetExtension" */;
			buildPhases = (
				CF77D08590544055BEC11A70 /* [CP] Check Pods Manifest.lock */,
				692F90D6288A7361007ACD24 /* Sources */,
				692F90D7288A7361007ACD24 /* Frameworks */,
				692F90D8288A7361007ACD24 /* Resources */,
			);
			buildRules = (
			);
			dependencies = (
			);
			name = TodosWidgetExtension;
			productName = TodosWidgetExtension;
			productReference = 692F90DA288A7361007ACD24 /* TodosWidgetExtension.appex */;
			productType = "com.apple.product-type.app-extension";
		};
/* End PBXNativeTarget section */

/* Begin PBXProject section */
		6923DA022864306400252368 /* Project object */ = {
			isa = PBXProject;
			attributes = {
				BuildIndependentTargetsInParallel = 1;
				LastSwiftUpdateCheck = 1340;
				LastUpgradeCheck = 1320;
				TargetAttributes = {
					6923DA092864306400252368 = {
						CreatedOnToolsVersion = 13.2.1;
					};
					6923DA1F2864306600252368 = {
						CreatedOnToolsVersion = 13.2.1;
						TestTargetID = 6923DA092864306400252368;
					};
					6923DA292864306600252368 = {
						CreatedOnToolsVersion = 13.2.1;
						TestTargetID = 6923DA092864306400252368;
					};
					692F90D9288A7361007ACD24 = {
						CreatedOnToolsVersion = 13.4.1;
					};
				};
			};
			buildConfigurationList = 6923DA052864306400252368 /* Build configuration list for PBXProject "Simple-todos" */;
			compatibilityVersion = "Xcode 13.0";
			developmentRegion = en;
			hasScannedForEncodings = 0;
			knownRegions = (
				en,
				Base,
			);
			mainGroup = 6923DA012864306400252368;
			productRefGroup = 6923DA0B2864306400252368 /* Products */;
			projectDirPath = "";
			projectRoot = "";
			targets = (
				6923DA092864306400252368 /* Simple-todos */,
				6923DA1F2864306600252368 /* Simple-todosTests */,
				6923DA292864306600252368 /* Simple-todosUITests */,
				692F90D9288A7361007ACD24 /* TodosWidgetExtension */,
			);
		};
/* End PBXProject section */

/* Begin PBXResourcesBuildPhase section */
		6923DA082864306400252368 /* Resources */ = {
			isa = PBXResourcesBuildPhase;
			buildActionMask = 2147483647;
			files = (
				6923DA1A2864306600252368 /* LaunchScreen.storyboard in Resources */,
				6923DA172864306600252368 /* Assets.xcassets in Resources */,
				6923DA152864306400252368 /* Main.storyboard in Resources */,
				6923DA532864605E00252368 /* TodoCell.xib in Resources */,
			);
			runOnlyForDeploymentPostprocessing = 0;
		};
		6923DA1E2864306600252368 /* Resources */ = {
			isa = PBXResourcesBuildPhase;
			buildActionMask = 2147483647;
			files = (
			);
			runOnlyForDeploymentPostprocessing = 0;
		};
		6923DA282864306600252368 /* Resources */ = {
			isa = PBXResourcesBuildPhase;
			buildActionMask = 2147483647;
			files = (
			);
			runOnlyForDeploymentPostprocessing = 0;
		};
		692F90D8288A7361007ACD24 /* Resources */ = {
			isa = PBXResourcesBuildPhase;
			buildActionMask = 2147483647;
			files = (
				692F90E3288A7361007ACD24 /* Assets.xcassets in Resources */,
			);
			runOnlyForDeploymentPostprocessing = 0;
		};
/* End PBXResourcesBuildPhase section */

/* Begin PBXShellScriptBuildPhase section */
		27432B940B0FFDECF43776D9 /* [CP] Embed Pods Frameworks */ = {
			isa = PBXShellScriptBuildPhase;
			buildActionMask = 2147483647;
			files = (
			);
			inputFileListPaths = (
				"${PODS_ROOT}/Target Support Files/Pods-Simple-todosTests/Pods-Simple-todosTests-frameworks-${CONFIGURATION}-input-files.xcfilelist",
			);
			name = "[CP] Embed Pods Frameworks";
			outputFileListPaths = (
				"${PODS_ROOT}/Target Support Files/Pods-Simple-todosTests/Pods-Simple-todosTests-frameworks-${CONFIGURATION}-output-files.xcfilelist",
			);
			runOnlyForDeploymentPostprocessing = 0;
			shellPath = /bin/sh;
			shellScript = "\"${PODS_ROOT}/Target Support Files/Pods-Simple-todosTests/Pods-Simple-todosTests-frameworks.sh\"\n";
			showEnvVarsInLog = 0;
		};
		305ED00B980FF9D46720486F /* [CP] Check Pods Manifest.lock */ = {
			isa = PBXShellScriptBuildPhase;
			buildActionMask = 2147483647;
			files = (
			);
			inputFileListPaths = (
			);
			inputPaths = (
				"${PODS_PODFILE_DIR_PATH}/Podfile.lock",
				"${PODS_ROOT}/Manifest.lock",
			);
			name = "[CP] Check Pods Manifest.lock";
			outputFileListPaths = (
			);
			outputPaths = (
				"$(DERIVED_FILE_DIR)/Pods-Simple-todos-Simple-todosUITests-checkManifestLockResult.txt",
			);
			runOnlyForDeploymentPostprocessing = 0;
			shellPath = /bin/sh;
			shellScript = "diff \"${PODS_PODFILE_DIR_PATH}/Podfile.lock\" \"${PODS_ROOT}/Manifest.lock\" > /dev/null\nif [ $? != 0 ] ; then\n    # print error to STDERR\n    echo \"error: The sandbox is not in sync with the Podfile.lock. Run 'pod install' or update your CocoaPods installation.\" >&2\n    exit 1\nfi\n# This output is used by Xcode 'outputs' to avoid re-running this script phase.\necho \"SUCCESS\" > \"${SCRIPT_OUTPUT_FILE_0}\"\n";
			showEnvVarsInLog = 0;
		};
		33E9CA683AC04DB8BC62306F /* [CP] Check Pods Manifest.lock */ = {
			isa = PBXShellScriptBuildPhase;
			buildActionMask = 2147483647;
			files = (
			);
			inputFileListPaths = (
			);
			inputPaths = (
				"${PODS_PODFILE_DIR_PATH}/Podfile.lock",
				"${PODS_ROOT}/Manifest.lock",
			);
			name = "[CP] Check Pods Manifest.lock";
			outputFileListPaths = (
			);
			outputPaths = (
				"$(DERIVED_FILE_DIR)/Pods-Simple-todos-checkManifestLockResult.txt",
			);
			runOnlyForDeploymentPostprocessing = 0;
			shellPath = /bin/sh;
			shellScript = "diff \"${PODS_PODFILE_DIR_PATH}/Podfile.lock\" \"${PODS_ROOT}/Manifest.lock\" > /dev/null\nif [ $? != 0 ] ; then\n    # print error to STDERR\n    echo \"error: The sandbox is not in sync with the Podfile.lock. Run 'pod install' or update your CocoaPods installation.\" >&2\n    exit 1\nfi\n# This output is used by Xcode 'outputs' to avoid re-running this script phase.\necho \"SUCCESS\" > \"${SCRIPT_OUTPUT_FILE_0}\"\n";
			showEnvVarsInLog = 0;
		};
		6C8C7271EB4E89CBDD2AFE49 /* [CP] Embed Pods Frameworks */ = {
			isa = PBXShellScriptBuildPhase;
			buildActionMask = 2147483647;
			files = (
			);
			inputFileListPaths = (
				"${PODS_ROOT}/Target Support Files/Pods-Simple-todos/Pods-Simple-todos-frameworks-${CONFIGURATION}-input-files.xcfilelist",
			);
			name = "[CP] Embed Pods Frameworks";
			outputFileListPaths = (
				"${PODS_ROOT}/Target Support Files/Pods-Simple-todos/Pods-Simple-todos-frameworks-${CONFIGURATION}-output-files.xcfilelist",
			);
			runOnlyForDeploymentPostprocessing = 0;
			shellPath = /bin/sh;
			shellScript = "\"${PODS_ROOT}/Target Support Files/Pods-Simple-todos/Pods-Simple-todos-frameworks.sh\"\n";
			showEnvVarsInLog = 0;
		};
		8502166C704C32FD80A1B3D4 /* [CP] Check Pods Manifest.lock */ = {
			isa = PBXShellScriptBuildPhase;
			buildActionMask = 2147483647;
			files = (
			);
			inputFileListPaths = (
			);
			inputPaths = (
				"${PODS_PODFILE_DIR_PATH}/Podfile.lock",
				"${PODS_ROOT}/Manifest.lock",
			);
			name = "[CP] Check Pods Manifest.lock";
			outputFileListPaths = (
			);
			outputPaths = (
				"$(DERIVED_FILE_DIR)/Pods-Simple-todosTests-checkManifestLockResult.txt",
			);
			runOnlyForDeploymentPostprocessing = 0;
			shellPath = /bin/sh;
			shellScript = "diff \"${PODS_PODFILE_DIR_PATH}/Podfile.lock\" \"${PODS_ROOT}/Manifest.lock\" > /dev/null\nif [ $? != 0 ] ; then\n    # print error to STDERR\n    echo \"error: The sandbox is not in sync with the Podfile.lock. Run 'pod install' or update your CocoaPods installation.\" >&2\n    exit 1\nfi\n# This output is used by Xcode 'outputs' to avoid re-running this script phase.\necho \"SUCCESS\" > \"${SCRIPT_OUTPUT_FILE_0}\"\n";
			showEnvVarsInLog = 0;
		};
		C146084100CA038AD71E6197 /* [CP] Embed Pods Frameworks */ = {
			isa = PBXShellScriptBuildPhase;
			buildActionMask = 2147483647;
			files = (
			);
			inputFileListPaths = (
				"${PODS_ROOT}/Target Support Files/Pods-Simple-todos-Simple-todosUITests/Pods-Simple-todos-Simple-todosUITests-frameworks-${CONFIGURATION}-input-files.xcfilelist",
			);
			name = "[CP] Embed Pods Frameworks";
			outputFileListPaths = (
				"${PODS_ROOT}/Target Support Files/Pods-Simple-todos-Simple-todosUITests/Pods-Simple-todos-Simple-todosUITests-frameworks-${CONFIGURATION}-output-files.xcfilelist",
			);
			runOnlyForDeploymentPostprocessing = 0;
			shellPath = /bin/sh;
			shellScript = "\"${PODS_ROOT}/Target Support Files/Pods-Simple-todos-Simple-todosUITests/Pods-Simple-todos-Simple-todosUITests-frameworks.sh\"\n";
			showEnvVarsInLog = 0;
		};
		CF77D08590544055BEC11A70 /* [CP] Check Pods Manifest.lock */ = {
			isa = PBXShellScriptBuildPhase;
			buildActionMask = 2147483647;
			files = (
			);
			inputFileListPaths = (
			);
			inputPaths = (
				"${PODS_PODFILE_DIR_PATH}/Podfile.lock",
				"${PODS_ROOT}/Manifest.lock",
			);
			name = "[CP] Check Pods Manifest.lock";
			outputFileListPaths = (
			);
			outputPaths = (
				"$(DERIVED_FILE_DIR)/Pods-TodosWidgetExtension-checkManifestLockResult.txt",
			);
			runOnlyForDeploymentPostprocessing = 0;
			shellPath = /bin/sh;
			shellScript = "diff \"${PODS_PODFILE_DIR_PATH}/Podfile.lock\" \"${PODS_ROOT}/Manifest.lock\" > /dev/null\nif [ $? != 0 ] ; then\n    # print error to STDERR\n    echo \"error: The sandbox is not in sync with the Podfile.lock. Run 'pod install' or update your CocoaPods installation.\" >&2\n    exit 1\nfi\n# This output is used by Xcode 'outputs' to avoid re-running this script phase.\necho \"SUCCESS\" > \"${SCRIPT_OUTPUT_FILE_0}\"\n";
			showEnvVarsInLog = 0;
		};
/* End PBXShellScriptBuildPhase section */

/* Begin PBXSourcesBuildPhase section */
		6923DA062864306400252368 /* Sources */ = {
			isa = PBXSourcesBuildPhase;
			buildActionMask = 2147483647;
			files = (
				6923DA4C28643FF900252368 /* CreateTodoViewController.swift in Sources */,
				6923DA4628643F3600252368 /* TodosViewModel.swift in Sources */,
				6923DA0E2864306400252368 /* AppDelegate.swift in Sources */,
				6934A1D0288E61EF000322A1 /* TodosService.swift in Sources */,
				6923DA4428643F2400252368 /* TodosViewController.swift in Sources */,
				6923DA102864306400252368 /* SceneDelegate.swift in Sources */,
				6923DA4828643F3F00252368 /* Todo.swift in Sources */,
				6923DA4E2864400A00252368 /* CreateTodoViewModel.swift in Sources */,
				6923DA522864605E00252368 /* TodoCell.swift in Sources */,
			);
			runOnlyForDeploymentPostprocessing = 0;
		};
		6923DA1C2864306600252368 /* Sources */ = {
			isa = PBXSourcesBuildPhase;
			buildActionMask = 2147483647;
			files = (
				1EC878C72865A2A200421F14 /* SimpleTodoUnitTest.swift in Sources */,
			);
			runOnlyForDeploymentPostprocessing = 0;
		};
		6923DA262864306600252368 /* Sources */ = {
			isa = PBXSourcesBuildPhase;
			buildActionMask = 2147483647;
			files = (
				6923DA312864306600252368 /* Simple_todosUITestsLaunchTests.swift in Sources */,
				6923DA2F2864306600252368 /* Simple_todosUITests.swift in Sources */,
			);
			runOnlyForDeploymentPostprocessing = 0;
		};
		692F90D6288A7361007ACD24 /* Sources */ = {
			isa = PBXSourcesBuildPhase;
			buildActionMask = 2147483647;
			files = (
				692F90E1288A7361007ACD24 /* TodosWidget.swift in Sources */,
				6934A1D5288E7111000322A1 /* TodosWidgetLargeView.swift in Sources */,
				6934A1DB288E8559000322A1 /* FocusedTaskWidget.swift in Sources */,
				6934A1D7288E7122000322A1 /* TodosWidgetSmallMediumView.swift in Sources */,
				692F90F5288A812C007ACD24 /* TodosWidgetView.swift in Sources */,
				6934A1D3288E644E000322A1 /* TodosService.swift in Sources */,
				6934A1D9288E7F6D000322A1 /* TodosWidgetBundle.swift in Sources */,
				692F90EC288A76EE007ACD24 /* Todo.swift in Sources */,
			);
			runOnlyForDeploymentPostprocessing = 0;
		};
/* End PBXSourcesBuildPhase section */

/* Begin PBXTargetDependency section */
		6923DA222864306600252368 /* PBXTargetDependency */ = {
			isa = PBXTargetDependency;
			target = 6923DA092864306400252368 /* Simple-todos */;
			targetProxy = 6923DA212864306600252368 /* PBXContainerItemProxy */;
		};
		6923DA2C2864306600252368 /* PBXTargetDependency */ = {
			isa = PBXTargetDependency;
			target = 6923DA092864306400252368 /* Simple-todos */;
			targetProxy = 6923DA2B2864306600252368 /* PBXContainerItemProxy */;
		};
		692F90E6288A7361007ACD24 /* PBXTargetDependency */ = {
			isa = PBXTargetDependency;
			target = 692F90D9288A7361007ACD24 /* TodosWidgetExtension */;
			targetProxy = 692F90E5288A7361007ACD24 /* PBXContainerItemProxy */;
		};
/* End PBXTargetDependency section */

/* Begin PBXVariantGroup section */
		6923DA132864306400252368 /* Main.storyboard */ = {
			isa = PBXVariantGroup;
			children = (
				6923DA142864306400252368 /* Base */,
			);
			name = Main.storyboard;
			sourceTree = "<group>";
		};
		6923DA182864306600252368 /* LaunchScreen.storyboard */ = {
			isa = PBXVariantGroup;
			children = (
				6923DA192864306600252368 /* Base */,
			);
			name = LaunchScreen.storyboard;
			sourceTree = "<group>";
		};
/* End PBXVariantGroup section */

/* Begin XCBuildConfiguration section */
		6923DA322864306600252368 /* Debug */ = {
			isa = XCBuildConfiguration;
			buildSettings = {
				ALWAYS_SEARCH_USER_PATHS = NO;
				CLANG_ANALYZER_NONNULL = YES;
				CLANG_ANALYZER_NUMBER_OBJECT_CONVERSION = YES_AGGRESSIVE;
				CLANG_CXX_LANGUAGE_STANDARD = "gnu++17";
				CLANG_CXX_LIBRARY = "libc++";
				CLANG_ENABLE_MODULES = YES;
				CLANG_ENABLE_OBJC_ARC = YES;
				CLANG_ENABLE_OBJC_WEAK = YES;
				CLANG_WARN_BLOCK_CAPTURE_AUTORELEASING = YES;
				CLANG_WARN_BOOL_CONVERSION = YES;
				CLANG_WARN_COMMA = YES;
				CLANG_WARN_CONSTANT_CONVERSION = YES;
				CLANG_WARN_DEPRECATED_OBJC_IMPLEMENTATIONS = YES;
				CLANG_WARN_DIRECT_OBJC_ISA_USAGE = YES_ERROR;
				CLANG_WARN_DOCUMENTATION_COMMENTS = YES;
				CLANG_WARN_EMPTY_BODY = YES;
				CLANG_WARN_ENUM_CONVERSION = YES;
				CLANG_WARN_INFINITE_RECURSION = YES;
				CLANG_WARN_INT_CONVERSION = YES;
				CLANG_WARN_NON_LITERAL_NULL_CONVERSION = YES;
				CLANG_WARN_OBJC_IMPLICIT_RETAIN_SELF = YES;
				CLANG_WARN_OBJC_LITERAL_CONVERSION = YES;
				CLANG_WARN_OBJC_ROOT_CLASS = YES_ERROR;
				CLANG_WARN_QUOTED_INCLUDE_IN_FRAMEWORK_HEADER = YES;
				CLANG_WARN_RANGE_LOOP_ANALYSIS = YES;
				CLANG_WARN_STRICT_PROTOTYPES = YES;
				CLANG_WARN_SUSPICIOUS_MOVE = YES;
				CLANG_WARN_UNGUARDED_AVAILABILITY = YES_AGGRESSIVE;
				CLANG_WARN_UNREACHABLE_CODE = YES;
				CLANG_WARN__DUPLICATE_METHOD_MATCH = YES;
				COPY_PHASE_STRIP = NO;
				DEBUG_INFORMATION_FORMAT = dwarf;
				ENABLE_STRICT_OBJC_MSGSEND = YES;
				ENABLE_TESTABILITY = YES;
				GCC_C_LANGUAGE_STANDARD = gnu11;
				GCC_DYNAMIC_NO_PIC = NO;
				GCC_NO_COMMON_BLOCKS = YES;
				GCC_OPTIMIZATION_LEVEL = 0;
				GCC_PREPROCESSOR_DEFINITIONS = (
					"DEBUG=1",
					"$(inherited)",
				);
				GCC_WARN_64_TO_32_BIT_CONVERSION = YES;
				GCC_WARN_ABOUT_RETURN_TYPE = YES_ERROR;
				GCC_WARN_UNDECLARED_SELECTOR = YES;
				GCC_WARN_UNINITIALIZED_AUTOS = YES_AGGRESSIVE;
				GCC_WARN_UNUSED_FUNCTION = YES;
				GCC_WARN_UNUSED_VARIABLE = YES;
				IPHONEOS_DEPLOYMENT_TARGET = 15.2;
				MTL_ENABLE_DEBUG_INFO = INCLUDE_SOURCE;
				MTL_FAST_MATH = YES;
				ONLY_ACTIVE_ARCH = YES;
				SDKROOT = iphoneos;
				SWIFT_ACTIVE_COMPILATION_CONDITIONS = DEBUG;
				SWIFT_OPTIMIZATION_LEVEL = "-Onone";
			};
			name = Debug;
		};
		6923DA332864306600252368 /* Release */ = {
			isa = XCBuildConfiguration;
			buildSettings = {
				ALWAYS_SEARCH_USER_PATHS = NO;
				CLANG_ANALYZER_NONNULL = YES;
				CLANG_ANALYZER_NUMBER_OBJECT_CONVERSION = YES_AGGRESSIVE;
				CLANG_CXX_LANGUAGE_STANDARD = "gnu++17";
				CLANG_CXX_LIBRARY = "libc++";
				CLANG_ENABLE_MODULES = YES;
				CLANG_ENABLE_OBJC_ARC = YES;
				CLANG_ENABLE_OBJC_WEAK = YES;
				CLANG_WARN_BLOCK_CAPTURE_AUTORELEASING = YES;
				CLANG_WARN_BOOL_CONVERSION = YES;
				CLANG_WARN_COMMA = YES;
				CLANG_WARN_CONSTANT_CONVERSION = YES;
				CLANG_WARN_DEPRECATED_OBJC_IMPLEMENTATIONS = YES;
				CLANG_WARN_DIRECT_OBJC_ISA_USAGE = YES_ERROR;
				CLANG_WARN_DOCUMENTATION_COMMENTS = YES;
				CLANG_WARN_EMPTY_BODY = YES;
				CLANG_WARN_ENUM_CONVERSION = YES;
				CLANG_WARN_INFINITE_RECURSION = YES;
				CLANG_WARN_INT_CONVERSION = YES;
				CLANG_WARN_NON_LITERAL_NULL_CONVERSION = YES;
				CLANG_WARN_OBJC_IMPLICIT_RETAIN_SELF = YES;
				CLANG_WARN_OBJC_LITERAL_CONVERSION = YES;
				CLANG_WARN_OBJC_ROOT_CLASS = YES_ERROR;
				CLANG_WARN_QUOTED_INCLUDE_IN_FRAMEWORK_HEADER = YES;
				CLANG_WARN_RANGE_LOOP_ANALYSIS = YES;
				CLANG_WARN_STRICT_PROTOTYPES = YES;
				CLANG_WARN_SUSPICIOUS_MOVE = YES;
				CLANG_WARN_UNGUARDED_AVAILABILITY = YES_AGGRESSIVE;
				CLANG_WARN_UNREACHABLE_CODE = YES;
				CLANG_WARN__DUPLICATE_METHOD_MATCH = YES;
				COPY_PHASE_STRIP = NO;
				DEBUG_INFORMATION_FORMAT = "dwarf-with-dsym";
				ENABLE_NS_ASSERTIONS = NO;
				ENABLE_STRICT_OBJC_MSGSEND = YES;
				GCC_C_LANGUAGE_STANDARD = gnu11;
				GCC_NO_COMMON_BLOCKS = YES;
				GCC_WARN_64_TO_32_BIT_CONVERSION = YES;
				GCC_WARN_ABOUT_RETURN_TYPE = YES_ERROR;
				GCC_WARN_UNDECLARED_SELECTOR = YES;
				GCC_WARN_UNINITIALIZED_AUTOS = YES_AGGRESSIVE;
				GCC_WARN_UNUSED_FUNCTION = YES;
				GCC_WARN_UNUSED_VARIABLE = YES;
				IPHONEOS_DEPLOYMENT_TARGET = 15.2;
				MTL_ENABLE_DEBUG_INFO = NO;
				MTL_FAST_MATH = YES;
				SDKROOT = iphoneos;
				SWIFT_COMPILATION_MODE = wholemodule;
				SWIFT_OPTIMIZATION_LEVEL = "-O";
				VALIDATE_PRODUCT = YES;
			};
			name = Release;
		};
		6923DA352864306600252368 /* Debug */ = {
			isa = XCBuildConfiguration;
			baseConfigurationReference = 74A9C9BECB1EAB0216073D80 /* Pods-Simple-todos.debug.xcconfig */;
			buildSettings = {
				ALWAYS_EMBED_SWIFT_STANDARD_LIBRARIES = YES;
				ASSETCATALOG_COMPILER_APPICON_NAME = AppIcon;
				ASSETCATALOG_COMPILER_GLOBAL_ACCENT_COLOR_NAME = AccentColor;
				CODE_SIGN_ENTITLEMENTS = "Simple-todos/Simple-todos.entitlements";
				CODE_SIGN_STYLE = Automatic;
				CURRENT_PROJECT_VERSION = 1;
				DEVELOPMENT_TEAM = A2DNT83345;
				GENERATE_INFOPLIST_FILE = YES;
				INFOPLIST_FILE = "Simple-todos/Info.plist";
				INFOPLIST_KEY_CFBundleDisplayName = Todos;
				INFOPLIST_KEY_UIApplicationSupportsIndirectInputEvents = YES;
				INFOPLIST_KEY_UILaunchStoryboardName = LaunchScreen;
				INFOPLIST_KEY_UIMainStoryboardFile = Main;
				INFOPLIST_KEY_UISupportedInterfaceOrientations_iPad = "UIInterfaceOrientationPortrait UIInterfaceOrientationPortraitUpsideDown UIInterfaceOrientationLandscapeLeft UIInterfaceOrientationLandscapeRight";
				INFOPLIST_KEY_UISupportedInterfaceOrientations_iPhone = UIInterfaceOrientationPortrait;
				LD_RUNPATH_SEARCH_PATHS = (
					"$(inherited)",
					"@executable_path/Frameworks",
				);
				MARKETING_VERSION = 1.0;
				PRODUCT_BUNDLE_IDENTIFIER = "com.nuttaponbuaban.Simple-todos";
				PRODUCT_NAME = "$(TARGET_NAME)";
				SWIFT_EMIT_LOC_STRINGS = YES;
				SWIFT_VERSION = 5.0;
				TARGETED_DEVICE_FAMILY = "1,2";
			};
			name = Debug;
		};
		6923DA362864306600252368 /* Release */ = {
			isa = XCBuildConfiguration;
			baseConfigurationReference = A54B8D4EE2464A9620FAF524 /* Pods-Simple-todos.release.xcconfig */;
			buildSettings = {
				ALWAYS_EMBED_SWIFT_STANDARD_LIBRARIES = YES;
				ASSETCATALOG_COMPILER_APPICON_NAME = AppIcon;
				ASSETCATALOG_COMPILER_GLOBAL_ACCENT_COLOR_NAME = AccentColor;
				CODE_SIGN_ENTITLEMENTS = "Simple-todos/Simple-todos.entitlements";
				CODE_SIGN_STYLE = Automatic;
				CURRENT_PROJECT_VERSION = 1;
				DEVELOPMENT_TEAM = A2DNT83345;
				GENERATE_INFOPLIST_FILE = YES;
				INFOPLIST_FILE = "Simple-todos/Info.plist";
				INFOPLIST_KEY_CFBundleDisplayName = Todos;
				INFOPLIST_KEY_UIApplicationSupportsIndirectInputEvents = YES;
				INFOPLIST_KEY_UILaunchStoryboardName = LaunchScreen;
				INFOPLIST_KEY_UIMainStoryboardFile = Main;
				INFOPLIST_KEY_UISupportedInterfaceOrientations_iPad = "UIInterfaceOrientationPortrait UIInterfaceOrientationPortraitUpsideDown UIInterfaceOrientationLandscapeLeft UIInterfaceOrientationLandscapeRight";
				INFOPLIST_KEY_UISupportedInterfaceOrientations_iPhone = UIInterfaceOrientationPortrait;
				LD_RUNPATH_SEARCH_PATHS = (
					"$(inherited)",
					"@executable_path/Frameworks",
				);
				MARKETING_VERSION = 1.0;
				PRODUCT_BUNDLE_IDENTIFIER = "com.nuttaponbuaban.Simple-todos";
				PRODUCT_NAME = "$(TARGET_NAME)";
				SWIFT_EMIT_LOC_STRINGS = YES;
				SWIFT_VERSION = 5.0;
				TARGETED_DEVICE_FAMILY = "1,2";
			};
			name = Release;
		};
		6923DA382864306600252368 /* Debug */ = {
			isa = XCBuildConfiguration;
			baseConfigurationReference = FA539308CD1F49298C3FF27B /* Pods-Simple-todosTests.debug.xcconfig */;
			buildSettings = {
				ALWAYS_EMBED_SWIFT_STANDARD_LIBRARIES = YES;
				BUNDLE_LOADER = "$(TEST_HOST)";
				CODE_SIGN_STYLE = Automatic;
				CURRENT_PROJECT_VERSION = 1;
				DEVELOPMENT_TEAM = A2DNT83345;
				GENERATE_INFOPLIST_FILE = YES;
				IPHONEOS_DEPLOYMENT_TARGET = 15.2;
				MARKETING_VERSION = 1.0;
				PRODUCT_BUNDLE_IDENTIFIER = "com.nuttaponbuaban.Simple-todosTests";
				PRODUCT_NAME = "$(TARGET_NAME)";
				SWIFT_EMIT_LOC_STRINGS = NO;
				SWIFT_VERSION = 5.0;
				TARGETED_DEVICE_FAMILY = "1,2";
				TEST_HOST = "$(BUILT_PRODUCTS_DIR)/Simple-todos.app/Simple-todos";
			};
			name = Debug;
		};
		6923DA392864306600252368 /* Release */ = {
			isa = XCBuildConfiguration;
			baseConfigurationReference = E02C4DF9548CCD910B43AF4D /* Pods-Simple-todosTests.release.xcconfig */;
			buildSettings = {
				ALWAYS_EMBED_SWIFT_STANDARD_LIBRARIES = YES;
				BUNDLE_LOADER = "$(TEST_HOST)";
				CODE_SIGN_STYLE = Automatic;
				CURRENT_PROJECT_VERSION = 1;
				DEVELOPMENT_TEAM = A2DNT83345;
				GENERATE_INFOPLIST_FILE = YES;
				IPHONEOS_DEPLOYMENT_TARGET = 15.2;
				MARKETING_VERSION = 1.0;
				PRODUCT_BUNDLE_IDENTIFIER = "com.nuttaponbuaban.Simple-todosTests";
				PRODUCT_NAME = "$(TARGET_NAME)";
				SWIFT_EMIT_LOC_STRINGS = NO;
				SWIFT_VERSION = 5.0;
				TARGETED_DEVICE_FAMILY = "1,2";
				TEST_HOST = "$(BUILT_PRODUCTS_DIR)/Simple-todos.app/Simple-todos";
			};
			name = Release;
		};
		6923DA3B2864306600252368 /* Debug */ = {
			isa = XCBuildConfiguration;
			baseConfigurationReference = E2D93A3D38510083FA7441EC /* Pods-Simple-todos-Simple-todosUITests.debug.xcconfig */;
			buildSettings = {
				ALWAYS_EMBED_SWIFT_STANDARD_LIBRARIES = YES;
				CODE_SIGN_STYLE = Automatic;
				CURRENT_PROJECT_VERSION = 1;
				DEVELOPMENT_TEAM = A2DNT83345;
				GENERATE_INFOPLIST_FILE = YES;
				MARKETING_VERSION = 1.0;
				PRODUCT_BUNDLE_IDENTIFIER = "com.nuttaponbuaban.Simple-todosUITests";
				PRODUCT_NAME = "$(TARGET_NAME)";
				SWIFT_EMIT_LOC_STRINGS = NO;
				SWIFT_VERSION = 5.0;
				TARGETED_DEVICE_FAMILY = "1,2";
				TEST_TARGET_NAME = "Simple-todos";
			};
			name = Debug;
		};
		6923DA3C2864306600252368 /* Release */ = {
			isa = XCBuildConfiguration;
			baseConfigurationReference = FAFE7BF190D0B2A8D253F39B /* Pods-Simple-todos-Simple-todosUITests.release.xcconfig */;
			buildSettings = {
				ALWAYS_EMBED_SWIFT_STANDARD_LIBRARIES = YES;
				CODE_SIGN_STYLE = Automatic;
				CURRENT_PROJECT_VERSION = 1;
				DEVELOPMENT_TEAM = A2DNT83345;
				GENERATE_INFOPLIST_FILE = YES;
				MARKETING_VERSION = 1.0;
				PRODUCT_BUNDLE_IDENTIFIER = "com.nuttaponbuaban.Simple-todosUITests";
				PRODUCT_NAME = "$(TARGET_NAME)";
				SWIFT_EMIT_LOC_STRINGS = NO;
				SWIFT_VERSION = 5.0;
				TARGETED_DEVICE_FAMILY = "1,2";
				TEST_TARGET_NAME = "Simple-todos";
			};
			name = Release;
		};
		692F90E9288A7361007ACD24 /* Debug */ = {
			isa = XCBuildConfiguration;
			baseConfigurationReference = 110F942E0837CAE84744C1FB /* Pods-TodosWidgetExtension.debug.xcconfig */;
			buildSettings = {
				ASSETCATALOG_COMPILER_GLOBAL_ACCENT_COLOR_NAME = AccentColor;
				ASSETCATALOG_COMPILER_WIDGET_BACKGROUND_COLOR_NAME = WidgetBackground;
				CODE_SIGN_ENTITLEMENTS = TodosWidgetExtension.entitlements;
				CODE_SIGN_STYLE = Automatic;
				CURRENT_PROJECT_VERSION = 1;
				DEVELOPMENT_TEAM = A2DNT83345;
				GENERATE_INFOPLIST_FILE = YES;
				INFOPLIST_FILE = TodosWidget/Info.plist;
				INFOPLIST_KEY_CFBundleDisplayName = TodosWidget;
				INFOPLIST_KEY_NSHumanReadableCopyright = "";
				IPHONEOS_DEPLOYMENT_TARGET = 15.5;
				LD_RUNPATH_SEARCH_PATHS = (
					"$(inherited)",
					"@executable_path/Frameworks",
					"@executable_path/../../Frameworks",
				);
				MARKETING_VERSION = 1.0;
				PRODUCT_BUNDLE_IDENTIFIER = "com.nuttaponbuaban.Simple-todos.TodosWidget";
				PRODUCT_NAME = "$(TARGET_NAME)";
				SKIP_INSTALL = YES;
				SWIFT_EMIT_LOC_STRINGS = YES;
				SWIFT_VERSION = 5.0;
				TARGETED_DEVICE_FAMILY = "1,2";
			};
			name = Debug;
		};
		692F90EA288A7361007ACD24 /* Release */ = {
			isa = XCBuildConfiguration;
			baseConfigurationReference = 1C036AA69228AF2B1087462E /* Pods-TodosWidgetExtension.release.xcconfig */;
			buildSettings = {
				ASSETCATALOG_COMPILER_GLOBAL_ACCENT_COLOR_NAME = AccentColor;
				ASSETCATALOG_COMPILER_WIDGET_BACKGROUND_COLOR_NAME = WidgetBackground;
				CODE_SIGN_ENTITLEMENTS = TodosWidgetExtension.entitlements;
				CODE_SIGN_STYLE = Automatic;
				CURRENT_PROJECT_VERSION = 1;
				DEVELOPMENT_TEAM = A2DNT83345;
				GENERATE_INFOPLIST_FILE = YES;
				INFOPLIST_FILE = TodosWidget/Info.plist;
				INFOPLIST_KEY_CFBundleDisplayName = TodosWidget;
				INFOPLIST_KEY_NSHumanReadableCopyright = "";
				IPHONEOS_DEPLOYMENT_TARGET = 15.5;
				LD_RUNPATH_SEARCH_PATHS = (
					"$(inherited)",
					"@executable_path/Frameworks",
					"@executable_path/../../Frameworks",
				);
				MARKETING_VERSION = 1.0;
				PRODUCT_BUNDLE_IDENTIFIER = "com.nuttaponbuaban.Simple-todos.TodosWidget";
				PRODUCT_NAME = "$(TARGET_NAME)";
				SKIP_INSTALL = YES;
				SWIFT_EMIT_LOC_STRINGS = YES;
				SWIFT_VERSION = 5.0;
				TARGETED_DEVICE_FAMILY = "1,2";
			};
			name = Release;
		};
/* End XCBuildConfiguration section */

/* Begin XCConfigurationList section */
		6923DA052864306400252368 /* Build configuration list for PBXProject "Simple-todos" */ = {
			isa = XCConfigurationList;
			buildConfigurations = (
				6923DA322864306600252368 /* Debug */,
				6923DA332864306600252368 /* Release */,
			);
			defaultConfigurationIsVisible = 0;
			defaultConfigurationName = Release;
		};
		6923DA342864306600252368 /* Build configuration list for PBXNativeTarget "Simple-todos" */ = {
			isa = XCConfigurationList;
			buildConfigurations = (
				6923DA352864306600252368 /* Debug */,
				6923DA362864306600252368 /* Release */,
			);
			defaultConfigurationIsVisible = 0;
			defaultConfigurationName = Release;
		};
		6923DA372864306600252368 /* Build configuration list for PBXNativeTarget "Simple-todosTests" */ = {
			isa = XCConfigurationList;
			buildConfigurations = (
				6923DA382864306600252368 /* Debug */,
				6923DA392864306600252368 /* Release */,
			);
			defaultConfigurationIsVisible = 0;
			defaultConfigurationName = Release;
		};
		6923DA3A2864306600252368 /* Build configuration list for PBXNativeTarget "Simple-todosUITests" */ = {
			isa = XCConfigurationList;
			buildConfigurations = (
				6923DA3B2864306600252368 /* Debug */,
				6923DA3C2864306600252368 /* Release */,
			);
			defaultConfigurationIsVisible = 0;
			defaultConfigurationName = Release;
		};
		692F90E8288A7361007ACD24 /* Build configuration list for PBXNativeTarget "TodosWidgetExtension" */ = {
			isa = XCConfigurationList;
			buildConfigurations = (
				692F90E9288A7361007ACD24 /* Debug */,
				692F90EA288A7361007ACD24 /* Release */,
			);
			defaultConfigurationIsVisible = 0;
			defaultConfigurationName = Release;
		};
/* End XCConfigurationList section */
	};
	rootObject = 6923DA022864306400252368 /* Project object */;
}
